
Microsoft Visual Studio Solution File, Format Version 12.00
# Visual Studio 15
VisualStudioVersion = 15.0.26730.8
MinimumVisualStudioVersion = 10.0.40219.1
Project("{9A19103F-16F7-4668-BE54-9A1E7A4F7556}") = "Eisk.Core", "Core\Eisk.Core\Eisk.Core.csproj", "{8E6823DD-60AB-4772-AB9C-E5786BEF2B50}"
EndProject
Project("{2150E333-8FDC-42A3-9474-1A3956D46DE8}") = "Solution Items", "Solution Items", "{4E93D3D8-EC59-4DE2-A1E1-3F0258277780}"
	ProjectSection(SolutionItems) = preProject
		build\dnn-install.cmd = build\dnn-install.cmd
		.template.config\template.json = .template.config\template.json
		.template.config\template.vstemplate = .template.config\template.vstemplate
	EndProjectSection
EndProject
Project("{9A19103F-16F7-4668-BE54-9A1E7A4F7556}") = "Eisk.Test.Core", "Core\Eisk.Test.Core\Eisk.Test.Core.csproj", "{642F6C34-DFFF-47FB-8568-621423F95B79}"
EndProject
Project("{9A19103F-16F7-4668-BE54-9A1E7A4F7556}") = "Eisk.Core.Tests", "Core\Eisk.Core.Tests\Eisk.Core.Tests.csproj", "{1BC9EBFE-A17A-43FB-AB9D-C429CCD8020D}"
EndProject
Project("{9A19103F-16F7-4668-BE54-9A1E7A4F7556}") = "Eisk.Test.Core.Tests", "Core\Eisk.Test.Core.Tests\Eisk.Test.Core.Tests.csproj", "{DCDCAE0A-4CF7-44CA-96A1-BDD70087D575}"
EndProject
Project("{2150E333-8FDC-42A3-9474-1A3956D46DE8}") = "Core", "Core", "{CEBF47DF-D79A-4AE0-A857-A51D438E3C39}"
EndProject
Project("{2150E333-8FDC-42A3-9474-1A3956D46DE8}") = "Test.Core", "Test.Core", "{16043213-DF69-4E37-98E1-2C86C410551B}"
EndProject
Project("{9A19103F-16F7-4668-BE54-9A1E7A4F7556}") = "Eisk.WebApi", "WebApi\Eisk.WebApi\Eisk.WebApi.csproj", "{99D535CA-1DE1-459B-8ECC-B4F6936F5142}"
EndProject
Project("{2150E333-8FDC-42A3-9474-1A3956D46DE8}") = "WebApi", "WebApi", "{9611B3D6-810A-4E98-9166-2DA770E38B81}"
EndProject
Project("{2150E333-8FDC-42A3-9474-1A3956D46DE8}") = "Infrastructure", "Infrastructure", "{8D09A735-BB55-4075-9B06-EAAA18F59781}"
EndProject
Project("{2150E333-8FDC-42A3-9474-1A3956D46DE8}") = "DomainCore", "DomainCore", "{07B09CE7-77B7-4F0F-9BF1-1CA13B8501D8}"
EndProject
Project("{FAE04EC0-301F-11D3-BF4B-00C04F79EFBC}") = "Eisk.WebApi.TemplatePack", "Eisk.WebApi.TemplatePack\Eisk.WebApi.TemplatePack.csproj", "{8824BF10-E351-4F9E-B462-B86F51CA234E}"
EndProject
Project("{9A19103F-16F7-4668-BE54-9A1E7A4F7556}") = "Eisk.Domains", "DomainCore\Eisk.Domains\Eisk.Domains.csproj", "{EC2CC663-1674-4F39-B3A5-926F3A83094A}"
EndProject
Project("{9A19103F-16F7-4668-BE54-9A1E7A4F7556}") = "Eisk.DataServices.Interfaces", "DomainCore\Eisk.DataServices.Interfaces\Eisk.DataServices.Interfaces.csproj", "{ABA6FD15-BB90-478E-91F1-7A8E5708DCDF}"
EndProject
Project("{9A19103F-16F7-4668-BE54-9A1E7A4F7556}") = "Eisk.DomainServices", "DomainCore\Eisk.DomainServices\Eisk.DomainServices.csproj", "{19C8978D-7873-4306-B498-6D29C2F0013E}"
EndProject
Project("{9A19103F-16F7-4668-BE54-9A1E7A4F7556}") = "Eisk.DomainServices.UnitTests", "DomainCore\Eisk.DomainServices.UnitTests\Eisk.DomainServices.UnitTests.csproj", "{77414DF8-79D7-4879-AEA6-EAA237639F67}"
EndProject
Project("{9A19103F-16F7-4668-BE54-9A1E7A4F7556}") = "Eisk.DataServices.EFCore", "Infrastructure.EFCore\Eisk.DataServices.EFCore\Eisk.DataServices.EFCore.csproj", "{521DC48B-EE63-41DB-B226-382EE39A3CF8}"
EndProject
Project("{9A19103F-16F7-4668-BE54-9A1E7A4F7556}") = "Eisk.EFCore.Setup", "Infrastructure.EFCore\Eisk.EFCore.Setup\Eisk.EFCore.Setup.csproj", "{5C60F4F8-B7A7-4B14-B476-79E138BAF1F9}"
EndProject
Project("{9A19103F-16F7-4668-BE54-9A1E7A4F7556}") = "Eisk.DataServices.EFCore.IntegrationTests", "Infrastructure.EFCore\Eisk.DataServices.EFCore.IntegrationTests\Eisk.DataServices.EFCore.IntegrationTests.csproj", "{57348807-E087-4B0F-906E-72E4768B693C}"
EndProject
Project("{9A19103F-16F7-4668-BE54-9A1E7A4F7556}") = "Eisk.DataServices.EFCore.IntegrationTests.Ext", "Infrastructure.EFCore\Eisk.DataServices.EFCore.IntegrationTests.Ext\Eisk.DataServices.EFCore.IntegrationTests.Ext.csproj", "{BB413B48-E598-47C8-AF1B-887203391F8E}"
EndProject
Project("{9A19103F-16F7-4668-BE54-9A1E7A4F7556}") = "Eisk.DomainServices.ComponentTests.EFCore", "Infrastructure.EFCore\Eisk.DomainServices.ComponentTests.EFCore\Eisk.DomainServices.ComponentTests.EFCore.csproj", "{CB7B38B4-9AE5-4B86-BC31-CD74F8690D79}"
EndProject
Project("{9A19103F-16F7-4668-BE54-9A1E7A4F7556}") = "Eisk.DomainServices.ComponentTests.EFCore.Ext", "Infrastructure.EFCore\Eisk.DomainServices.ComponentTests.EFCore.Ext\Eisk.DomainServices.ComponentTests.EFCore.Ext.csproj", "{CCB1BB6A-10BC-4BE4-ABC0-54D64EB94D43}"
EndProject
Global
	GlobalSection(SolutionConfigurationPlatforms) = preSolution
		Debug|Any CPU = Debug|Any CPU
		Release|Any CPU = Release|Any CPU
	EndGlobalSection
	GlobalSection(ProjectConfigurationPlatforms) = postSolution
		{8E6823DD-60AB-4772-AB9C-E5786BEF2B50}.Debug|Any CPU.ActiveCfg = Debug|Any CPU
		{8E6823DD-60AB-4772-AB9C-E5786BEF2B50}.Debug|Any CPU.Build.0 = Debug|Any CPU
		{8E6823DD-60AB-4772-AB9C-E5786BEF2B50}.Release|Any CPU.ActiveCfg = Release|Any CPU
		{8E6823DD-60AB-4772-AB9C-E5786BEF2B50}.Release|Any CPU.Build.0 = Release|Any CPU
		{642F6C34-DFFF-47FB-8568-621423F95B79}.Debug|Any CPU.ActiveCfg = Debug|Any CPU
		{642F6C34-DFFF-47FB-8568-621423F95B79}.Debug|Any CPU.Build.0 = Debug|Any CPU
		{642F6C34-DFFF-47FB-8568-621423F95B79}.Release|Any CPU.ActiveCfg = Release|Any CPU
		{642F6C34-DFFF-47FB-8568-621423F95B79}.Release|Any CPU.Build.0 = Release|Any CPU
		{1BC9EBFE-A17A-43FB-AB9D-C429CCD8020D}.Debug|Any CPU.ActiveCfg = Debug|Any CPU
		{1BC9EBFE-A17A-43FB-AB9D-C429CCD8020D}.Debug|Any CPU.Build.0 = Debug|Any CPU
		{1BC9EBFE-A17A-43FB-AB9D-C429CCD8020D}.Release|Any CPU.ActiveCfg = Release|Any CPU
		{1BC9EBFE-A17A-43FB-AB9D-C429CCD8020D}.Release|Any CPU.Build.0 = Release|Any CPU
		{DCDCAE0A-4CF7-44CA-96A1-BDD70087D575}.Debug|Any CPU.ActiveCfg = Debug|Any CPU
		{DCDCAE0A-4CF7-44CA-96A1-BDD70087D575}.Debug|Any CPU.Build.0 = Debug|Any CPU
		{DCDCAE0A-4CF7-44CA-96A1-BDD70087D575}.Release|Any CPU.ActiveCfg = Release|Any CPU
		{DCDCAE0A-4CF7-44CA-96A1-BDD70087D575}.Release|Any CPU.Build.0 = Release|Any CPU
		{99D535CA-1DE1-459B-8ECC-B4F6936F5142}.Debug|Any CPU.ActiveCfg = Debug|Any CPU
		{99D535CA-1DE1-459B-8ECC-B4F6936F5142}.Debug|Any CPU.Build.0 = Debug|Any CPU
		{99D535CA-1DE1-459B-8ECC-B4F6936F5142}.Release|Any CPU.ActiveCfg = Release|Any CPU
		{99D535CA-1DE1-459B-8ECC-B4F6936F5142}.Release|Any CPU.Build.0 = Release|Any CPU
		{8824BF10-E351-4F9E-B462-B86F51CA234E}.Debug|Any CPU.ActiveCfg = Debug|Any CPU
		{8824BF10-E351-4F9E-B462-B86F51CA234E}.Debug|Any CPU.Build.0 = Debug|Any CPU
		{8824BF10-E351-4F9E-B462-B86F51CA234E}.Release|Any CPU.ActiveCfg = Release|Any CPU
		{8824BF10-E351-4F9E-B462-B86F51CA234E}.Release|Any CPU.Build.0 = Release|Any CPU
		{EC2CC663-1674-4F39-B3A5-926F3A83094A}.Debug|Any CPU.ActiveCfg = Debug|Any CPU
		{EC2CC663-1674-4F39-B3A5-926F3A83094A}.Debug|Any CPU.Build.0 = Debug|Any CPU
		{EC2CC663-1674-4F39-B3A5-926F3A83094A}.Release|Any CPU.ActiveCfg = Release|Any CPU
		{EC2CC663-1674-4F39-B3A5-926F3A83094A}.Release|Any CPU.Build.0 = Release|Any CPU
		{ABA6FD15-BB90-478E-91F1-7A8E5708DCDF}.Debug|Any CPU.ActiveCfg = Debug|Any CPU
		{ABA6FD15-BB90-478E-91F1-7A8E5708DCDF}.Debug|Any CPU.Build.0 = Debug|Any CPU
		{ABA6FD15-BB90-478E-91F1-7A8E5708DCDF}.Release|Any CPU.ActiveCfg = Release|Any CPU
		{ABA6FD15-BB90-478E-91F1-7A8E5708DCDF}.Release|Any CPU.Build.0 = Release|Any CPU
		{19C8978D-7873-4306-B498-6D29C2F0013E}.Debug|Any CPU.ActiveCfg = Debug|Any CPU
		{19C8978D-7873-4306-B498-6D29C2F0013E}.Debug|Any CPU.Build.0 = Debug|Any CPU
		{19C8978D-7873-4306-B498-6D29C2F0013E}.Release|Any CPU.ActiveCfg = Release|Any CPU
		{19C8978D-7873-4306-B498-6D29C2F0013E}.Release|Any CPU.Build.0 = Release|Any CPU
		{77414DF8-79D7-4879-AEA6-EAA237639F67}.Debug|Any CPU.ActiveCfg = Debug|Any CPU
		{77414DF8-79D7-4879-AEA6-EAA237639F67}.Debug|Any CPU.Build.0 = Debug|Any CPU
		{77414DF8-79D7-4879-AEA6-EAA237639F67}.Release|Any CPU.ActiveCfg = Release|Any CPU
		{77414DF8-79D7-4879-AEA6-EAA237639F67}.Release|Any CPU.Build.0 = Release|Any CPU
		{521DC48B-EE63-41DB-B226-382EE39A3CF8}.Debug|Any CPU.ActiveCfg = Debug|Any CPU
		{521DC48B-EE63-41DB-B226-382EE39A3CF8}.Debug|Any CPU.Build.0 = Debug|Any CPU
		{521DC48B-EE63-41DB-B226-382EE39A3CF8}.Release|Any CPU.ActiveCfg = Release|Any CPU
		{521DC48B-EE63-41DB-B226-382EE39A3CF8}.Release|Any CPU.Build.0 = Release|Any CPU
		{5C60F4F8-B7A7-4B14-B476-79E138BAF1F9}.Debug|Any CPU.ActiveCfg = Debug|Any CPU
		{5C60F4F8-B7A7-4B14-B476-79E138BAF1F9}.Debug|Any CPU.Build.0 = Debug|Any CPU
		{5C60F4F8-B7A7-4B14-B476-79E138BAF1F9}.Release|Any CPU.ActiveCfg = Release|Any CPU
		{5C60F4F8-B7A7-4B14-B476-79E138BAF1F9}.Release|Any CPU.Build.0 = Release|Any CPU
		{57348807-E087-4B0F-906E-72E4768B693C}.Debug|Any CPU.ActiveCfg = Debug|Any CPU
		{57348807-E087-4B0F-906E-72E4768B693C}.Debug|Any CPU.Build.0 = Debug|Any CPU
		{57348807-E087-4B0F-906E-72E4768B693C}.Release|Any CPU.ActiveCfg = Release|Any CPU
		{57348807-E087-4B0F-906E-72E4768B693C}.Release|Any CPU.Build.0 = Release|Any CPU
		{BB413B48-E598-47C8-AF1B-887203391F8E}.Debug|Any CPU.ActiveCfg = Debug|Any CPU
		{BB413B48-E598-47C8-AF1B-887203391F8E}.Debug|Any CPU.Build.0 = Debug|Any CPU
		{BB413B48-E598-47C8-AF1B-887203391F8E}.Release|Any CPU.ActiveCfg = Release|Any CPU
		{BB413B48-E598-47C8-AF1B-887203391F8E}.Release|Any CPU.Build.0 = Release|Any CPU
		{CB7B38B4-9AE5-4B86-BC31-CD74F8690D79}.Debug|Any CPU.ActiveCfg = Debug|Any CPU
		{CB7B38B4-9AE5-4B86-BC31-CD74F8690D79}.Debug|Any CPU.Build.0 = Debug|Any CPU
		{CB7B38B4-9AE5-4B86-BC31-CD74F8690D79}.Release|Any CPU.ActiveCfg = Release|Any CPU
		{CB7B38B4-9AE5-4B86-BC31-CD74F8690D79}.Release|Any CPU.Build.0 = Release|Any CPU
		{CCB1BB6A-10BC-4BE4-ABC0-54D64EB94D43}.Debug|Any CPU.ActiveCfg = Debug|Any CPU
		{CCB1BB6A-10BC-4BE4-ABC0-54D64EB94D43}.Debug|Any CPU.Build.0 = Debug|Any CPU
		{CCB1BB6A-10BC-4BE4-ABC0-54D64EB94D43}.Release|Any CPU.ActiveCfg = Release|Any CPU
		{CCB1BB6A-10BC-4BE4-ABC0-54D64EB94D43}.Release|Any CPU.Build.0 = Release|Any CPU
	EndGlobalSection
	GlobalSection(SolutionProperties) = preSolution
		HideSolutionNode = FALSE
	EndGlobalSection
	GlobalSection(NestedProjects) = preSolution
		{8E6823DD-60AB-4772-AB9C-E5786BEF2B50} = {CEBF47DF-D79A-4AE0-A857-A51D438E3C39}
		{642F6C34-DFFF-47FB-8568-621423F95B79} = {16043213-DF69-4E37-98E1-2C86C410551B}
		{1BC9EBFE-A17A-43FB-AB9D-C429CCD8020D} = {CEBF47DF-D79A-4AE0-A857-A51D438E3C39}
		{DCDCAE0A-4CF7-44CA-96A1-BDD70087D575} = {16043213-DF69-4E37-98E1-2C86C410551B}
		{16043213-DF69-4E37-98E1-2C86C410551B} = {CEBF47DF-D79A-4AE0-A857-A51D438E3C39}
		{99D535CA-1DE1-459B-8ECC-B4F6936F5142} = {9611B3D6-810A-4E98-9166-2DA770E38B81}
		{EC2CC663-1674-4F39-B3A5-926F3A83094A} = {07B09CE7-77B7-4F0F-9BF1-1CA13B8501D8}
		{ABA6FD15-BB90-478E-91F1-7A8E5708DCDF} = {07B09CE7-77B7-4F0F-9BF1-1CA13B8501D8}
		{19C8978D-7873-4306-B498-6D29C2F0013E} = {07B09CE7-77B7-4F0F-9BF1-1CA13B8501D8}
		{77414DF8-79D7-4879-AEA6-EAA237639F67} = {07B09CE7-77B7-4F0F-9BF1-1CA13B8501D8}
		{521DC48B-EE63-41DB-B226-382EE39A3CF8} = {8D09A735-BB55-4075-9B06-EAAA18F59781}
		{5C60F4F8-B7A7-4B14-B476-79E138BAF1F9} = {8D09A735-BB55-4075-9B06-EAAA18F59781}
		{57348807-E087-4B0F-906E-72E4768B693C} = {8D09A735-BB55-4075-9B06-EAAA18F59781}
		{BB413B48-E598-47C8-AF1B-887203391F8E} = {8D09A735-BB55-4075-9B06-EAAA18F59781}
		{CB7B38B4-9AE5-4B86-BC31-CD74F8690D79} = {8D09A735-BB55-4075-9B06-EAAA18F59781}
		{CCB1BB6A-10BC-4BE4-ABC0-54D64EB94D43} = {8D09A735-BB55-4075-9B06-EAAA18F59781}
	EndGlobalSection
	GlobalSection(ExtensibilityGlobals) = postSolution
		SolutionGuid = {4370F72B-9D16-4EBF-8EF5-1F0925FC7CC6}
	EndGlobalSection
EndGlobal
